{
  "nodes": {
    "draconisplusplus": {
      "inputs": {
        "nixpkgs": [
          "nixpkgs"
        ],
        "treefmt-nix": "treefmt-nix",
        "utils": [
          "utils"
        ]
      },
      "locked": {
        "lastModified": 1784675204,
        "narHash": "sha256-ji33CqP4iNqCHQjkf0CWPr4gwI9nJy2fv/hUJN2icnM=",
        "owner": "skulldogged",
        "repo": "draconisplusplus-monorepo",
        "rev": "d56f7bd176ee691df0a57c5b7bd2d39cf7a2b907",
        "type": "github"
      },
      "original": {
        "owner": "skulldogged",
        "repo": "draconisplusplus-monorepo",
        "type": "github"
      }
    },
    "nixpkgs": {
      "locked": {
        "lastModified": 1761236834,
        "narHash": "sha256-+pthv6hrL5VLW2UqPdISGuLiUZ6SnAXdd2DdUE+fV2Q=",
        "owner": "nixos",
        "repo": "nixpkgs",
        "rev": "d5faa84122bc0a1fd5d378492efce4e289f8eac1",
        "type": "github"
      },
      "original": {
        "owner": "nixos",
        "ref": "nixpkgs-unstable",
        "repo": "nixpkgs",
        "type": "github"
      }
    },
    "nixpkgs_2": {
      "locked": {
        "lastModified": 1784555310,
        "narHash": "sha256-/FCliTPgiuV1owejZFNx3Ch9irdvkOfOFl+HHZ+DrtM=",
        "owner": "NixOS",
        "repo": "nixpkgs",
        "rev": "421eebfd0ec7bccd4abe826ce62d7e6e83129493",
        "type": "github"
      },
      "original": {
        "owner": "NixOS",
        "ref": "nixpkgs-unstable",
        "repo": "nixpkgs",
        "type": "github"
      }
    },
    "root": {
      "inputs": {
        "draconisplusplus": "draconisplusplus",
        "nixpkgs": "nixpkgs_2",
        "utils": "utils"
      }
    },
    "systems": {
      "locked": {
        "lastModified": 1681028828,
        "narHash": "sha256-Vy1rq5AaRuLzOxct8nz4T6wlgyUR7zLU309k9mBC768=",
        "owner": "nix-systems",
        "repo": "default",
        "rev": "da67096a3b9bf56a91d16901293e51ba5b49a27e",
        "type": "github"
      },
      "original": {
        "owner": "nix-systems",
        "repo": "default",
        "type": "github"
      }
    },
    "treefmt-nix": {
      "inputs": {
        "nixpkgs": "nixpkgs"
      },
      "locked": {
        "lastModified": 1766000401,
        "narHash": "sha256-+cqN4PJz9y0JQXfAK5J1drd0U05D5fcAGhzhfVrDlsI=",
        "owner": "numtide",
        "repo": "treefmt-nix",
        "rev": "42d96e75aa56a3f70cab7e7dc4a32868db28e8fd",
        "type": "github"
      },
      "original": {
        "owner": "numtide",
        "repo": "treefmt-nix",
        "type": "github"
      }
    },
    "utils": {
      "inputs": {
        "systems": "systems"
      },
      "locked": {
        "lastModified": 1731533236,
        "narHash": "sha256-l0KFg5HjrsfsO/JpG+r7fRrqm12kzFHyUHqHCVpMMbI=",
        "owner": "numtide",
        "repo": "flake-utils",
        "rev": "11707dc2f618dd54ca8739b309ec4fc024de578b",
        "type": "github"
      },
      "original": {
        "owner": "numtide",
        "repo": "flake-utils",
        "type": "github"
      }
    }
  },
  "root": "root",
  "version": 7
}
